
Microsoft Visual Studio Solution File, Format Version 12.00
# Visual Studio Version 16
VisualStudioVersion = 16.6.30114.105
MinimumVisualStudioVersion = 10.0.40219.1
Project("{FAE04EC0-301F-11D3-BF4B-00C04F79EFBC}") = "API", "API\API.csproj", "{37705D0D-7FDB-48DE-BEBC-4BAC95E1C879}"
EndProject
Project("{FAE04EC0-301F-11D3-BF4B-00C04F79EFBC}") = "Core", "Core\Core.csproj", "{0A5D7126-7A00-495C-9AC8-BA8233EF6BBB}"
EndProject
Project("{FAE04EC0-301F-11D3-BF4B-00C04F79EFBC}") = "Infrastructure", "Infrastructure\Infrastructure.csproj", "{3B92BF3A-F05A-4177-BD5F-E359EE9AEFF1}"
EndProject
Global
	GlobalSection(SolutionConfigurationPlatforms) = preSolution
		Debug|Any CPU = Debug|Any CPU
		Debug|x64 = Debug|x64
		Debug|x86 = Debug|x86
		Release|Any CPU = Release|Any CPU
		Release|x64 = Release|x64
		Release|x86 = Release|x86
	EndGlobalSection
	GlobalSection(SolutionProperties) = preSolution
		HideSolutionNode = FALSE
	EndGlobalSection
	GlobalSection(ProjectConfigurationPlatforms) = postSolution
		{37705D0D-7FDB-48DE-BEBC-4BAC95E1C879}.Debug|Any CPU.ActiveCfg = Debug|Any CPU
		{37705D0D-7FDB-48DE-BEBC-4BAC95E1C879}.Debug|Any CPU.Build.0 = Debug|Any CPU
		{37705D0D-7FDB-48DE-BEBC-4BAC95E1C879}.Debug|x64.ActiveCfg = Debug|Any CPU
		{37705D0D-7FDB-48DE-BEBC-4BAC95E1C879}.Debug|x64.Build.0 = Debug|Any CPU
		{37705D0D-7FDB-48DE-BEBC-4BAC95E1C879}.Debug|x86.ActiveCfg = Debug|Any CPU
		{37705D0D-7FDB-48DE-BEBC-4BAC95E1C879}.Debug|x86.Build.0 = Debug|Any CPU
		{37705D0D-7FDB-48DE-BEBC-4BAC95E1C879}.Release|Any CPU.ActiveCfg = Release|Any CPU
		{37705D0D-7FDB-48DE-BEBC-4BAC95E1C879}.Release|Any CPU.Build.0 = Release|Any CPU
		{37705D0D-7FDB-48DE-BEBC-4BAC95E1C879}.Release|x64.ActiveCfg = Release|Any CPU
		{37705D0D-7FDB-48DE-BEBC-4BAC95E1C879}.Release|x64.Build.0 = Release|Any CPU
		{37705D0D-7FDB-48DE-BEBC-4BAC95E1C879}.Release|x86.ActiveCfg = Release|Any CPU
		{37705D0D-7FDB-48DE-BEBC-4BAC95E1C879}.Release|x86.Build.0 = Release|Any CPU
		{0A5D7126-7A00-495C-9AC8-BA8233EF6BBB}.Debug|Any CPU.ActiveCfg = Debug|Any CPU
		{0A5D7126-7A00-495C-9AC8-BA8233EF6BBB}.Debug|Any CPU.Build.0 = Debug|Any CPU
		{0A5D7126-7A00-495C-9AC8-BA8233EF6BBB}.Debug|x64.ActiveCfg = Debug|Any CPU
		{0A5D7126-7A00-495C-9AC8-BA8233EF6BBB}.Debug|x64.Build.0 = Debug|Any CPU
		{0A5D7126-7A00-495C-9AC8-BA8233EF6BBB}.Debug|x86.ActiveCfg = Debug|Any CPU
		{0A5D7126-7A00-495C-9AC8-BA8233EF6BBB}.Debug|x86.Build.0 = Debug|Any CPU
		{0A5D7126-7A00-495C-9AC8-BA8233EF6BBB}.Release|Any CPU.ActiveCfg = Release|Any CPU
		{0A5D7126-7A00-495C-9AC8-BA8233EF6BBB}.Release|Any CPU.Build.0 = Release|Any CPU
		{0A5D7126-7A00-495C-9AC8-BA8233EF6BBB}.Release|x64.ActiveCfg = Release|Any CPU
		{0A5D7126-7A00-495C-9AC8-BA8233EF6BBB}.Release|x64.Build.0 = Release|Any CPU
		{0A5D7126-7A00-495C-9AC8-BA8233EF6BBB}.Release|x86.ActiveCfg = Release|Any CPU
		{0A5D7126-7A00-495C-9AC8-BA8233EF6BBB}.Release|x86.Build.0 = Release|Any CPU
		{3B92BF3A-F05A-4177-BD5F-E359EE9AEFF1}.Debug|Any CPU.ActiveCfg = Debug|Any CPU
		{3B92BF3A-F05A-4177-BD5F-E359EE9AEFF1}.Debug|Any CPU.Build.0 = Debug|Any CPU
		{3B92BF3A-F05A-4177-BD5F-E359EE9AEFF1}.Debug|x64.ActiveCfg = Debug|Any CPU
		{3B92BF3A-F05A-4177-BD5F-E359EE9AEFF1}.Debug|x64.Build.0 = Debug|Any CPU
		{3B92BF3A-F05A-4177-BD5F-E359EE9AEFF1}.Debug|x86.ActiveCfg = Debug|Any CPU
		{3B92BF3A-F05A-4177-BD5F-E359EE9AEFF1}.Debug|x86.Build.0 = Debug|Any CPU
		{3B92BF3A-F05A-4177-BD5F-E359EE9AEFF1}.Release|Any CPU.ActiveCfg = Release|Any CPU
		{3B92BF3A-F05A-4177-BD5F-E359EE9AEFF1}.Release|Any CPU.Build.0 = Release|Any CPU
		{3B92BF3A-F05A-4177-BD5F-E359EE9AEFF1}.Release|x64.ActiveCfg = Release|Any CPU
		{3B92BF3A-F05A-4177-BD5F-E359EE9AEFF1}.Release|x64.Build.0 = Release|Any CPU
		{3B92BF3A-F05A-4177-BD5F-E359EE9AEFF1}.Release|x86.ActiveCfg = Release|Any CPU
		{3B92BF3A-F05A-4177-BD5F-E359EE9AEFF1}.Release|x86.Build.0 = Release|Any CPU
	EndGlobalSection
EndGlobal
